
Microsoft Visual Studio Solution File, Format Version 12.00
# Visual Studio Version 16
VisualStudioVersion = 16.0.30114.105
MinimumVisualStudioVersion = 10.0.40219.1
Project("{9A19103F-16F7-4668-BE54-9A1E7A4F7556}") = "EasyfinanceApi", "EasyfinanceApi\EasyfinanceApi.csproj", "{83C724F2-FEF7-4A7B-B590-AD9EF793A442}"
EndProject
Project("{FAE04EC0-301F-11D3-BF4B-00C04F79EFBC}") = "XUnitEasyFinanceApiTests", "XUnitEasyFinanceApiTests\XUnitEasyFinanceApiTests.csproj", "{957B65A0-9314-458C-AE9F-EFF3EDE19C2F}"
EndProject
Global
	GlobalSection(SolutionConfigurationPlatforms) = preSolution
		Debug|Any CPU = Debug|Any CPU
		Release|Any CPU = Release|Any CPU
	EndGlobalSection
	GlobalSection(ProjectConfigurationPlatforms) = postSolution
		{83C724F2-FEF7-4A7B-B590-AD9EF793A442}.Debug|Any CPU.ActiveCfg = Debug|Any CPU
		{83C724F2-FEF7-4A7B-B590-AD9EF793A442}.Debug|Any CPU.Build.0 = Debug|Any CPU
		{83C724F2-FEF7-4A7B-B590-AD9EF793A442}.Release|Any CPU.ActiveCfg = Release|Any CPU
		{83C724F2-FEF7-4A7B-B590-AD9EF793A442}.Release|Any CPU.Build.0 = Release|Any CPU
		{957B65A0-9314-458C-AE9F-EFF3EDE19C2F}.Debug|Any CPU.ActiveCfg = Debug|Any CPU
		{957B65A0-9314-458C-AE9F-EFF3EDE19C2F}.Debug|Any CPU.Build.0 = Debug|Any CPU
		{957B65A0-9314-458C-AE9F-EFF3EDE19C2F}.Release|Any CPU.ActiveCfg = Release|Any CPU
		{957B65A0-9314-458C-AE9F-EFF3EDE19C2F}.Release|Any CPU.Build.0 = Release|Any CPU
	EndGlobalSection
	GlobalSection(SolutionProperties) = preSolution
		HideSolutionNode = FALSE
	EndGlobalSection
	GlobalSection(ExtensibilityGlobals) = postSolution
		SolutionGuid = {2C6CAA65-4F04-4901-9330-4A5B2911D859}
	EndGlobalSection
EndGlobal
